
Microsoft Visual Studio Solution File, Format Version 12.00
# Visual Studio Version 17
VisualStudioVersion = 17.0.31903.59
MinimumVisualStudioVersion = 10.0.40219.1
Project("{FAE04EC0-301F-11D3-BF4B-00C04F79EFBC}") = "StoryLight.App", "src\StoryLight.App\StoryLight.App.csproj", "{4F185CFD-09FD-45D1-9E7E-89DB1D28BB77}"
EndProject
Project("{FAE04EC0-301F-11D3-BF4B-00C04F79EFBC}") = "StoryLight.App.Tests", "tests\StoryLight.App.Tests\StoryLight.App.Tests.csproj", "{695D46D8-DABB-4F5F-B03C-0E78EB6D9777}"
EndProject
Global
	GlobalSection(SolutionConfigurationPlatforms) = preSolution
		Debug|Any CPU = Debug|Any CPU
		Release|Any CPU = Release|Any CPU
	EndGlobalSection
	GlobalSection(ProjectConfigurationPlatforms) = postSolution
		{4F185CFD-09FD-45D1-9E7E-89DB1D28BB77}.Debug|Any CPU.ActiveCfg = Debug|Any CPU
		{4F185CFD-09FD-45D1-9E7E-89DB1D28BB77}.Debug|Any CPU.Build.0 = Debug|Any CPU
		{4F185CFD-09FD-45D1-9E7E-89DB1D28BB77}.Release|Any CPU.ActiveCfg = Release|Any CPU
		{4F185CFD-09FD-45D1-9E7E-89DB1D28BB77}.Release|Any CPU.Build.0 = Release|Any CPU
		{695D46D8-DABB-4F5F-B03C-0E78EB6D9777}.Debug|Any CPU.ActiveCfg = Debug|Any CPU
		{695D46D8-DABB-4F5F-B03C-0E78EB6D9777}.Debug|Any CPU.Build.0 = Debug|Any CPU
		{695D46D8-DABB-4F5F-B03C-0E78EB6D9777}.Release|Any CPU.ActiveCfg = Release|Any CPU
		{695D46D8-DABB-4F5F-B03C-0E78EB6D9777}.Release|Any CPU.Build.0 = Release|Any CPU
	EndGlobalSection
	GlobalSection(SolutionProperties) = preSolution
		HideSolutionNode = FALSE
	EndGlobalSection
EndGlobal
